
Microsoft Visual Studio Solution File, Format Version 12.00
# Visual Studio Version 16
VisualStudioVersion = 16.0.34301.259
MinimumVisualStudioVersion = 10.0.40219.1
Project("{FAE04EC0-301F-11D3-BF4B-00C04F79EFBC}") = "Sprint15", "Sprint15\Sprint15.csproj", "{F6541D2D-AFD6-4CE5-9BA7-F117D2865D50}"
EndProject
Global
	GlobalSection(SolutionConfigurationPlatforms) = preSolution
		Debug|Any CPU = Debug|Any CPU
		Release|Any CPU = Release|Any CPU
	EndGlobalSection
	GlobalSection(ProjectConfigurationPlatforms) = postSolution
		{F6541D2D-AFD6-4CE5-9BA7-F117D2865D50}.Debug|Any CPU.ActiveCfg = Debug|Any CPU
		{F6541D2D-AFD6-4CE5-9BA7-F117D2865D50}.Debug|Any CPU.Build.0 = Debug|Any CPU
		{F6541D2D-AFD6-4CE5-9BA7-F117D2865D50}.Debug|Any CPU.Deploy.0 = Debug|Any CPU
		{F6541D2D-AFD6-4CE5-9BA7-F117D2865D50}.Release|Any CPU.ActiveCfg = Release|Any CPU
		{F6541D2D-AFD6-4CE5-9BA7-F117D2865D50}.Release|Any CPU.Build.0 = Release|Any CPU
		{F6541D2D-AFD6-4CE5-9BA7-F117D2865D50}.Release|Any CPU.Deploy.0 = Release|Any CPU
	EndGlobalSection
	GlobalSection(SolutionProperties) = preSolution
		HideSolutionNode = FALSE
	EndGlobalSection
	GlobalSection(ExtensibilityGlobals) = postSolution
		SolutionGuid = {D12EE1F6-0770-42D5-AD73-91E77C7BC446}
	EndGlobalSection
EndGlobal
